
Microsoft Visual Studio Solution File, Format Version 12.00
# Visual Studio Version 17
VisualStudioVersion = 17.0.31903.59
MinimumVisualStudioVersion = 10.0.40219.1
Project("{9A19103F-16F7-4668-BE54-9A1E7A4F7556}") = "CatalogoAPI", "CatalogoAPI\CatalogoAPI.csproj", "{BE75E2A1-53EA-4764-AA08-A9BC551642FA}"
EndProject
Project("{9A19103F-16F7-4668-BE54-9A1E7A4F7556}") = "Catalogo.Core", "Catalogo.Core\Catalogo.Core.csproj", "{301C3D37-07F9-43C0-BF82-23F8AFDB6E3E}"
EndProject
Project("{9A19103F-16F7-4668-BE54-9A1E7A4F7556}") = "Catalogo.Infrastructure", "Catalogo.Infrastructure\Catalogo.Infrastructure.csproj", "{97585BF2-D075-4DA4-B03E-1C83F4B5EB65}"
EndProject
Project("{9A19103F-16F7-4668-BE54-9A1E7A4F7556}") = "AuthAPI", "AuthAPI\AuthAPI.csproj", "{583FF6FD-03E2-48AF-B495-84743B4FD39B}"
EndProject
Project("{9A19103F-16F7-4668-BE54-9A1E7A4F7556}") = "Auth.Core", "Auth.Core\Auth.Core.csproj", "{FB6C51D8-715F-43A8-B6E4-D14796C78C83}"
EndProject
Project("{9A19103F-16F7-4668-BE54-9A1E7A4F7556}") = "Auth.Infrastructure", "Auth.Infrastructure\Auth.Infrastructure.csproj", "{C0BEF2DD-E988-4906-8B3B-E51BA5E7AC0B}"
EndProject
Project("{9A19103F-16F7-4668-BE54-9A1E7A4F7556}") = "Common", "Common\Common.csproj", "{CF288304-BB17-4DEB-AE89-666EEECA567B}"
EndProject
Project("{9A19103F-16F7-4668-BE54-9A1E7A4F7556}") = "Tests.Catalogo", "Tests.Catalogo\Tests.Catalogo.csproj", "{A5858BD8-B218-429F-8E92-2FCD2AFB2F05}"
EndProject
Project("{9A19103F-16F7-4668-BE54-9A1E7A4F7556}") = "Tests.Auth", "Tests.Auth\Tests.Auth.csproj", "{31C5B5E9-DEC3-421A-BD41-67316AB98C5C}"
EndProject
Project("{FAE04EC0-301F-11D3-BF4B-00C04F79EFBC}") = "LojaFotografiaApp", "LojaFotografiaApp\LojaFotografiaApp.csproj", "{52430647-C509-494C-AF4E-2BE6ADC019CA}"
EndProject
Project("{2150E333-8FDC-42A3-9474-1A3956D46DE8}") = "Itens de Solução", "Itens de Solução", "{2B425F01-8BE0-44B7-AFC3-0472A4CDAA99}"
	ProjectSection(SolutionItems) = preProject
		docker-compose.yml = docker-compose.yml
	EndProjectSection
EndProject
Project("{2150E333-8FDC-42A3-9474-1A3956D46DE8}") = "02-Auth", "02-Auth", "{66C7E8B2-473D-4193-98CB-7FBBF1129876}"
EndProject
Project("{2150E333-8FDC-42A3-9474-1A3956D46DE8}") = "03-Catalogo", "03-Catalogo", "{D075DF83-879E-4408-91B1-F1F4F0D474F7}"
EndProject
Project("{2150E333-8FDC-42A3-9474-1A3956D46DE8}") = "01-Apresentacao", "01-Apresentacao", "{773FE069-8D0C-4320-969D-AD2DAF6E35DC}"
EndProject
Project("{2150E333-8FDC-42A3-9474-1A3956D46DE8}") = "04-Testes", "04-Testes", "{D63AFE94-7706-4E20-AAF7-84993DF0130B}"
EndProject
Global
	GlobalSection(SolutionConfigurationPlatforms) = preSolution
		Debug|Any CPU = Debug|Any CPU
		Debug|ARM = Debug|ARM
		Debug|ARM64 = Debug|ARM64
		Debug|x64 = Debug|x64
		Debug|x86 = Debug|x86
		Release|Any CPU = Release|Any CPU
		Release|ARM = Release|ARM
		Release|ARM64 = Release|ARM64
		Release|x64 = Release|x64
		Release|x86 = Release|x86
	EndGlobalSection
	GlobalSection(ProjectConfigurationPlatforms) = postSolution
		{BE75E2A1-53EA-4764-AA08-A9BC551642FA}.Debug|Any CPU.ActiveCfg = Debug|Any CPU
		{BE75E2A1-53EA-4764-AA08-A9BC551642FA}.Debug|Any CPU.Build.0 = Debug|Any CPU
		{BE75E2A1-53EA-4764-AA08-A9BC551642FA}.Debug|ARM.ActiveCfg = Debug|Any CPU
		{BE75E2A1-53EA-4764-AA08-A9BC551642FA}.Debug|ARM.Build.0 = Debug|Any CPU
		{BE75E2A1-53EA-4764-AA08-A9BC551642FA}.Debug|ARM64.ActiveCfg = Debug|Any CPU
		{BE75E2A1-53EA-4764-AA08-A9BC551642FA}.Debug|ARM64.Build.0 = Debug|Any CPU
		{BE75E2A1-53EA-4764-AA08-A9BC551642FA}.Debug|x64.ActiveCfg = Debug|Any CPU
		{BE75E2A1-53EA-4764-AA08-A9BC551642FA}.Debug|x64.Build.0 = Debug|Any CPU
		{BE75E2A1-53EA-4764-AA08-A9BC551642FA}.Debug|x86.ActiveCfg = Debug|Any CPU
		{BE75E2A1-53EA-4764-AA08-A9BC551642FA}.Debug|x86.Build.0 = Debug|Any CPU
		{BE75E2A1-53EA-4764-AA08-A9BC551642FA}.Release|Any CPU.ActiveCfg = Release|Any CPU
		{BE75E2A1-53EA-4764-AA08-A9BC551642FA}.Release|Any CPU.Build.0 = Release|Any CPU
		{BE75E2A1-53EA-4764-AA08-A9BC551642FA}.Release|ARM.ActiveCfg = Release|Any CPU
		{BE75E2A1-53EA-4764-AA08-A9BC551642FA}.Release|ARM.Build.0 = Release|Any CPU
		{BE75E2A1-53EA-4764-AA08-A9BC551642FA}.Release|ARM64.ActiveCfg = Release|Any CPU
		{BE75E2A1-53EA-4764-AA08-A9BC551642FA}.Release|ARM64.Build.0 = Release|Any CPU
		{BE75E2A1-53EA-4764-AA08-A9BC551642FA}.Release|x64.ActiveCfg = Release|Any CPU
		{BE75E2A1-53EA-4764-AA08-A9BC551642FA}.Release|x64.Build.0 = Release|Any CPU
		{BE75E2A1-53EA-4764-AA08-A9BC551642FA}.Release|x86.ActiveCfg = Release|Any CPU
		{BE75E2A1-53EA-4764-AA08-A9BC551642FA}.Release|x86.Build.0 = Release|Any CPU
		{301C3D37-07F9-43C0-BF82-23F8AFDB6E3E}.Debug|Any CPU.ActiveCfg = Debug|Any CPU
		{301C3D37-07F9-43C0-BF82-23F8AFDB6E3E}.Debug|Any CPU.Build.0 = Debug|Any CPU
		{301C3D37-07F9-43C0-BF82-23F8AFDB6E3E}.Debug|ARM.ActiveCfg = Debug|Any CPU
		{301C3D37-07F9-43C0-BF82-23F8AFDB6E3E}.Debug|ARM.Build.0 = Debug|Any CPU
		{301C3D37-07F9-43C0-BF82-23F8AFDB6E3E}.Debug|ARM64.ActiveCfg = Debug|Any CPU
		{301C3D37-07F9-43C0-BF82-23F8AFDB6E3E}.Debug|ARM64.Build.0 = Debug|Any CPU
		{301C3D37-07F9-43C0-BF82-23F8AFDB6E3E}.Debug|x64.ActiveCfg = Debug|Any CPU
		{301C3D37-07F9-43C0-BF82-23F8AFDB6E3E}.Debug|x64.Build.0 = Debug|Any CPU
		{301C3D37-07F9-43C0-BF82-23F8AFDB6E3E}.Debug|x86.ActiveCfg = Debug|Any CPU
		{301C3D37-07F9-43C0-BF82-23F8AFDB6E3E}.Debug|x86.Build.0 = Debug|Any CPU
		{301C3D37-07F9-43C0-BF82-23F8AFDB6E3E}.Release|Any CPU.ActiveCfg = Release|Any CPU
		{301C3D37-07F9-43C0-BF82-23F8AFDB6E3E}.Release|Any CPU.Build.0 = Release|Any CPU
		{301C3D37-07F9-43C0-BF82-23F8AFDB6E3E}.Release|ARM.ActiveCfg = Release|Any CPU
		{301C3D37-07F9-43C0-BF82-23F8AFDB6E3E}.Release|ARM.Build.0 = Release|Any CPU
		{301C3D37-07F9-43C0-BF82-23F8AFDB6E3E}.Release|ARM64.ActiveCfg = Release|Any CPU
		{301C3D37-07F9-43C0-BF82-23F8AFDB6E3E}.Release|ARM64.Build.0 = Release|Any CPU
		{301C3D37-07F9-43C0-BF82-23F8AFDB6E3E}.Release|x64.ActiveCfg = Release|Any CPU
		{301C3D37-07F9-43C0-BF82-23F8AFDB6E3E}.Release|x64.Build.0 = Release|Any CPU
		{301C3D37-07F9-43C0-BF82-23F8AFDB6E3E}.Release|x86.ActiveCfg = Release|Any CPU
		{301C3D37-07F9-43C0-BF82-23F8AFDB6E3E}.Release|x86.Build.0 = Release|Any CPU
		{97585BF2-D075-4DA4-B03E-1C83F4B5EB65}.Debug|Any CPU.ActiveCfg = Debug|Any CPU
		{97585BF2-D075-4DA4-B03E-1C83F4B5EB65}.Debug|Any CPU.Build.0 = Debug|Any CPU
		{97585BF2-D075-4DA4-B03E-1C83F4B5EB65}.Debug|ARM.ActiveCfg = Debug|Any CPU
		{97585BF2-D075-4DA4-B03E-1C83F4B5EB65}.Debug|ARM.Build.0 = Debug|Any CPU
		{97585BF2-D075-4DA4-B03E-1C83F4B5EB65}.Debug|ARM64.ActiveCfg = Debug|Any CPU
		{97585BF2-D075-4DA4-B03E-1C83F4B5EB65}.Debug|ARM64.Build.0 = Debug|Any CPU
		{97585BF2-D075-4DA4-B03E-1C83F4B5EB65}.Debug|x64.ActiveCfg = Debug|Any CPU
		{97585BF2-D075-4DA4-B03E-1C83F4B5EB65}.Debug|x64.Build.0 = Debug|Any CPU
		{97585BF2-D075-4DA4-B03E-1C83F4B5EB65}.Debug|x86.ActiveCfg = Debug|Any CPU
		{97585BF2-D075-4DA4-B03E-1C83F4B5EB65}.Debug|x86.Build.0 = Debug|Any CPU
		{97585BF2-D075-4DA4-B03E-1C83F4B5EB65}.Release|Any CPU.ActiveCfg = Release|Any CPU
		{97585BF2-D075-4DA4-B03E-1C83F4B5EB65}.Release|Any CPU.Build.0 = Release|Any CPU
		{97585BF2-D075-4DA4-B03E-1C83F4B5EB65}.Release|ARM.ActiveCfg = Release|Any CPU
		{97585BF2-D075-4DA4-B03E-1C83F4B5EB65}.Release|ARM.Build.0 = Release|Any CPU
		{97585BF2-D075-4DA4-B03E-1C83F4B5EB65}.Release|ARM64.ActiveCfg = Release|Any CPU
		{97585BF2-D075-4DA4-B03E-1C83F4B5EB65}.Release|ARM64.Build.0 = Release|Any CPU
		{97585BF2-D075-4DA4-B03E-1C83F4B5EB65}.Release|x64.ActiveCfg = Release|Any CPU
		{97585BF2-D075-4DA4-B03E-1C83F4B5EB65}.Release|x64.Build.0 = Release|Any CPU
		{97585BF2-D075-4DA4-B03E-1C83F4B5EB65}.Release|x86.ActiveCfg = Release|Any CPU
		{97585BF2-D075-4DA4-B03E-1C83F4B5EB65}.Release|x86.Build.0 = Release|Any CPU
		{583FF6FD-03E2-48AF-B495-84743B4FD39B}.Debug|Any CPU.ActiveCfg = Debug|Any CPU
		{583FF6FD-03E2-48AF-B495-84743B4FD39B}.Debug|Any CPU.Build.0 = Debug|Any CPU
		{583FF6FD-03E2-48AF-B495-84743B4FD39B}.Debug|ARM.ActiveCfg = Debug|Any CPU
		{583FF6FD-03E2-48AF-B495-84743B4FD39B}.Debug|ARM.Build.0 = Debug|Any CPU
		{583FF6FD-03E2-48AF-B495-84743B4FD39B}.Debug|ARM64.ActiveCfg = Debug|Any CPU
		{583FF6FD-03E2-48AF-B495-84743B4FD39B}.Debug|ARM64.Build.0 = Debug|Any CPU
		{583FF6FD-03E2-48AF-B495-84743B4FD39B}.Debug|x64.ActiveCfg = Debug|Any CPU
		{583FF6FD-03E2-48AF-B495-84743B4FD39B}.Debug|x64.Build.0 = Debug|Any CPU
		{583FF6FD-03E2-48AF-B495-84743B4FD39B}.Debug|x86.ActiveCfg = Debug|Any CPU
		{583FF6FD-03E2-48AF-B495-84743B4FD39B}.Debug|x86.Build.0 = Debug|Any CPU
		{583FF6FD-03E2-48AF-B495-84743B4FD39B}.Release|Any CPU.ActiveCfg = Release|Any CPU
		{583FF6FD-03E2-48AF-B495-84743B4FD39B}.Release|Any CPU.Build.0 = Release|Any CPU
		{583FF6FD-03E2-48AF-B495-84743B4FD39B}.Release|ARM.ActiveCfg = Release|Any CPU
		{583FF6FD-03E2-48AF-B495-84743B4FD39B}.Release|ARM.Build.0 = Release|Any CPU
		{583FF6FD-03E2-48AF-B495-84743B4FD39B}.Release|ARM64.ActiveCfg = Release|Any CPU
		{583FF6FD-03E2-48AF-B495-84743B4FD39B}.Release|ARM64.Build.0 = Release|Any CPU
		{583FF6FD-03E2-48AF-B495-84743B4FD39B}.Release|x64.ActiveCfg = Release|Any CPU
		{583FF6FD-03E2-48AF-B495-84743B4FD39B}.Release|x64.Build.0 = Release|Any CPU
		{583FF6FD-03E2-48AF-B495-84743B4FD39B}.Release|x86.ActiveCfg = Release|Any CPU
		{583FF6FD-03E2-48AF-B495-84743B4FD39B}.Release|x86.Build.0 = Release|Any CPU
		{FB6C51D8-715F-43A8-B6E4-D14796C78C83}.Debug|Any CPU.ActiveCfg = Debug|Any CPU
		{FB6C51D8-715F-43A8-B6E4-D14796C78C83}.Debug|Any CPU.Build.0 = Debug|Any CPU
		{FB6C51D8-715F-43A8-B6E4-D14796C78C83}.Debug|ARM.ActiveCfg = Debug|Any CPU
		{FB6C51D8-715F-43A8-B6E4-D14796C78C83}.Debug|ARM.Build.0 = Debug|Any CPU
		{FB6C51D8-715F-43A8-B6E4-D14796C78C83}.Debug|ARM64.ActiveCfg = Debug|Any CPU
		{FB6C51D8-715F-43A8-B6E4-D14796C78C83}.Debug|ARM64.Build.0 = Debug|Any CPU
		{FB6C51D8-715F-43A8-B6E4-D14796C78C83}.Debug|x64.ActiveCfg = Debug|Any CPU
		{FB6C51D8-715F-43A8-B6E4-D14796C78C83}.Debug|x64.Build.0 = Debug|Any CPU
		{FB6C51D8-715F-43A8-B6E4-D14796C78C83}.Debug|x86.ActiveCfg = Debug|Any CPU
		{FB6C51D8-715F-43A8-B6E4-D14796C78C83}.Debug|x86.Build.0 = Debug|Any CPU
		{FB6C51D8-715F-43A8-B6E4-D14796C78C83}.Release|Any CPU.ActiveCfg = Release|Any CPU
		{FB6C51D8-715F-43A8-B6E4-D14796C78C83}.Release|Any CPU.Build.0 = Release|Any CPU
		{FB6C51D8-715F-43A8-B6E4-D14796C78C83}.Release|ARM.ActiveCfg = Release|Any CPU
		{FB6C51D8-715F-43A8-B6E4-D14796C78C83}.Release|ARM.Build.0 = Release|Any CPU
		{FB6C51D8-715F-43A8-B6E4-D14796C78C83}.Release|ARM64.ActiveCfg = Release|Any CPU
		{FB6C51D8-715F-43A8-B6E4-D14796C78C83}.Release|ARM64.Build.0 = Release|Any CPU
		{FB6C51D8-715F-43A8-B6E4-D14796C78C83}.Release|x64.ActiveCfg = Release|Any CPU
		{FB6C51D8-715F-43A8-B6E4-D14796C78C83}.Release|x64.Build.0 = Release|Any CPU
		{FB6C51D8-715F-43A8-B6E4-D14796C78C83}.Release|x86.ActiveCfg = Release|Any CPU
		{FB6C51D8-715F-43A8-B6E4-D14796C78C83}.Release|x86.Build.0 = Release|Any CPU
		{C0BEF2DD-E988-4906-8B3B-E51BA5E7AC0B}.Debug|Any CPU.ActiveCfg = Debug|Any CPU
		{C0BEF2DD-E988-4906-8B3B-E51BA5E7AC0B}.Debug|Any CPU.Build.0 = Debug|Any CPU
		{C0BEF2DD-E988-4906-8B3B-E51BA5E7AC0B}.Debug|ARM.ActiveCfg = Debug|Any CPU
		{C0BEF2DD-E988-4906-8B3B-E51BA5E7AC0B}.Debug|ARM.Build.0 = Debug|Any CPU
		{C0BEF2DD-E988-4906-8B3B-E51BA5E7AC0B}.Debug|ARM64.ActiveCfg = Debug|Any CPU
		{C0BEF2DD-E988-4906-8B3B-E51BA5E7AC0B}.Debug|ARM64.Build.0 = Debug|Any CPU
		{C0BEF2DD-E988-4906-8B3B-E51BA5E7AC0B}.Debug|x64.ActiveCfg = Debug|Any CPU
		{C0BEF2DD-E988-4906-8B3B-E51BA5E7AC0B}.Debug|x64.Build.0 = Debug|Any CPU
		{C0BEF2DD-E988-4906-8B3B-E51BA5E7AC0B}.Debug|x86.ActiveCfg = Debug|Any CPU
		{C0BEF2DD-E988-4906-8B3B-E51BA5E7AC0B}.Debug|x86.Build.0 = Debug|Any CPU
		{C0BEF2DD-E988-4906-8B3B-E51BA5E7AC0B}.Release|Any CPU.ActiveCfg = Release|Any CPU
		{C0BEF2DD-E988-4906-8B3B-E51BA5E7AC0B}.Release|Any CPU.Build.0 = Release|Any CPU
		{C0BEF2DD-E988-4906-8B3B-E51BA5E7AC0B}.Release|ARM.ActiveCfg = Release|Any CPU
		{C0BEF2DD-E988-4906-8B3B-E51BA5E7AC0B}.Release|ARM.Build.0 = Release|Any CPU
		{C0BEF2DD-E988-4906-8B3B-E51BA5E7AC0B}.Release|ARM64.ActiveCfg = Release|Any CPU
		{C0BEF2DD-E988-4906-8B3B-E51BA5E7AC0B}.Release|ARM64.Build.0 = Release|Any CPU
		{C0BEF2DD-E988-4906-8B3B-E51BA5E7AC0B}.Release|x64.ActiveCfg = Release|Any CPU
		{C0BEF2DD-E988-4906-8B3B-E51BA5E7AC0B}.Release|x64.Build.0 = Release|Any CPU
		{C0BEF2DD-E988-4906-8B3B-E51BA5E7AC0B}.Release|x86.ActiveCfg = Release|Any CPU
		{C0BEF2DD-E988-4906-8B3B-E51BA5E7AC0B}.Release|x86.Build.0 = Release|Any CPU
		{CF288304-BB17-4DEB-AE89-666EEECA567B}.Debug|Any CPU.ActiveCfg = Debug|Any CPU
		{CF288304-BB17-4DEB-AE89-666EEECA567B}.Debug|Any CPU.Build.0 = Debug|Any CPU
		{CF288304-BB17-4DEB-AE89-666EEECA567B}.Debug|ARM.ActiveCfg = Debug|Any CPU
		{CF288304-BB17-4DEB-AE89-666EEECA567B}.Debug|ARM.Build.0 = Debug|Any CPU
		{CF288304-BB17-4DEB-AE89-666EEECA567B}.Debug|ARM64.ActiveCfg = Debug|Any CPU
		{CF288304-BB17-4DEB-AE89-666EEECA567B}.Debug|ARM64.Build.0 = Debug|Any CPU
		{CF288304-BB17-4DEB-AE89-666EEECA567B}.Debug|x64.ActiveCfg = Debug|Any CPU
		{CF288304-BB17-4DEB-AE89-666EEECA567B}.Debug|x64.Build.0 = Debug|Any CPU
		{CF288304-BB17-4DEB-AE89-666EEECA567B}.Debug|x86.ActiveCfg = Debug|Any CPU
		{CF288304-BB17-4DEB-AE89-666EEECA567B}.Debug|x86.Build.0 = Debug|Any CPU
		{CF288304-BB17-4DEB-AE89-666EEECA567B}.Release|Any CPU.ActiveCfg = Release|Any CPU
		{CF288304-BB17-4DEB-AE89-666EEECA567B}.Release|Any CPU.Build.0 = Release|Any CPU
		{CF288304-BB17-4DEB-AE89-666EEECA567B}.Release|ARM.ActiveCfg = Release|Any CPU
		{CF288304-BB17-4DEB-AE89-666EEECA567B}.Release|ARM.Build.0 = Release|Any CPU
		{CF288304-BB17-4DEB-AE89-666EEECA567B}.Release|ARM64.ActiveCfg = Release|Any CPU
		{CF288304-BB17-4DEB-AE89-666EEECA567B}.Release|ARM64.Build.0 = Release|Any CPU
		{CF288304-BB17-4DEB-AE89-666EEECA567B}.Release|x64.ActiveCfg = Release|Any CPU
		{CF288304-BB17-4DEB-AE89-666EEECA567B}.Release|x64.Build.0 = Release|Any CPU
		{CF288304-BB17-4DEB-AE89-666EEECA567B}.Release|x86.ActiveCfg = Release|Any CPU
		{CF288304-BB17-4DEB-AE89-666EEECA567B}.Release|x86.Build.0 = Release|Any CPU
		{A5858BD8-B218-429F-8E92-2FCD2AFB2F05}.Debug|Any CPU.ActiveCfg = Debug|Any CPU
		{A5858BD8-B218-429F-8E92-2FCD2AFB2F05}.Debug|Any CPU.Build.0 = Debug|Any CPU
		{A5858BD8-B218-429F-8E92-2FCD2AFB2F05}.Debug|ARM.ActiveCfg = Debug|Any CPU
		{A5858BD8-B218-429F-8E92-2FCD2AFB2F05}.Debug|ARM.Build.0 = Debug|Any CPU
		{A5858BD8-B218-429F-8E92-2FCD2AFB2F05}.Debug|ARM64.ActiveCfg = Debug|Any CPU
		{A5858BD8-B218-429F-8E92-2FCD2AFB2F05}.Debug|ARM64.Build.0 = Debug|Any CPU
		{A5858BD8-B218-429F-8E92-2FCD2AFB2F05}.Debug|x64.ActiveCfg = Debug|Any CPU
		{A5858BD8-B218-429F-8E92-2FCD2AFB2F05}.Debug|x64.Build.0 = Debug|Any CPU
		{A5858BD8-B218-429F-8E92-2FCD2AFB2F05}.Debug|x86.ActiveCfg = Debug|Any CPU
		{A5858BD8-B218-429F-8E92-2FCD2AFB2F05}.Debug|x86.Build.0 = Debug|Any CPU
		{A5858BD8-B218-429F-8E92-2FCD2AFB2F05}.Release|Any CPU.ActiveCfg = Release|Any CPU
		{A5858BD8-B218-429F-8E92-2FCD2AFB2F05}.Release|Any CPU.Build.0 = Release|Any CPU
		{A5858BD8-B218-429F-8E92-2FCD2AFB2F05}.Release|ARM.ActiveCfg = Release|Any CPU
		{A5858BD8-B218-429F-8E92-2FCD2AFB2F05}.Release|ARM.Build.0 = Release|Any CPU
		{A5858BD8-B218-429F-8E92-2FCD2AFB2F05}.Release|ARM64.ActiveCfg = Release|Any CPU
		{A5858BD8-B218-429F-8E92-2FCD2AFB2F05}.Release|ARM64.Build.0 = Release|Any CPU
		{A5858BD8-B218-429F-8E92-2FCD2AFB2F05}.Release|x64.ActiveCfg = Release|Any CPU
		{A5858BD8-B218-429F-8E92-2FCD2AFB2F05}.Release|x64.Build.0 = Release|Any CPU
		{A5858BD8-B218-429F-8E92-2FCD2AFB2F05}.Release|x86.ActiveCfg = Release|Any CPU
		{A5858BD8-B218-429F-8E92-2FCD2AFB2F05}.Release|x86.Build.0 = Release|Any CPU
		{31C5B5E9-DEC3-421A-BD41-67316AB98C5C}.Debug|Any CPU.ActiveCfg = Debug|Any CPU
		{31C5B5E9-DEC3-421A-BD41-67316AB98C5C}.Debug|Any CPU.Build.0 = Debug|Any CPU
		{31C5B5E9-DEC3-421A-BD41-67316AB98C5C}.Debug|ARM.ActiveCfg = Debug|Any CPU
		{31C5B5E9-DEC3-421A-BD41-67316AB98C5C}.Debug|ARM.Build.0 = Debug|Any CPU
		{31C5B5E9-DEC3-421A-BD41-67316AB98C5C}.Debug|ARM64.ActiveCfg = Debug|Any CPU
		{31C5B5E9-DEC3-421A-BD41-67316AB98C5C}.Debug|ARM64.Build.0 = Debug|Any CPU
		{31C5B5E9-DEC3-421A-BD41-67316AB98C5C}.Debug|x64.ActiveCfg = Debug|Any CPU
		{31C5B5E9-DEC3-421A-BD41-67316AB98C5C}.Debug|x64.Build.0 = Debug|Any CPU
		{31C5B5E9-DEC3-421A-BD41-67316AB98C5C}.Debug|x86.ActiveCfg = Debug|Any CPU
		{31C5B5E9-DEC3-421A-BD41-67316AB98C5C}.Debug|x86.Build.0 = Debug|Any CPU
		{31C5B5E9-DEC3-421A-BD41-67316AB98C5C}.Release|Any CPU.ActiveCfg = Release|Any CPU
		{31C5B5E9-DEC3-421A-BD41-67316AB98C5C}.Release|Any CPU.Build.0 = Release|Any CPU
		{31C5B5E9-DEC3-421A-BD41-67316AB98C5C}.Release|ARM.ActiveCfg = Release|Any CPU
		{31C5B5E9-DEC3-421A-BD41-67316AB98C5C}.Release|ARM.Build.0 = Release|Any CPU
		{31C5B5E9-DEC3-421A-BD41-67316AB98C5C}.Release|ARM64.ActiveCfg = Release|Any CPU
		{31C5B5E9-DEC3-421A-BD41-67316AB98C5C}.Release|ARM64.Build.0 = Release|Any CPU
		{31C5B5E9-DEC3-421A-BD41-67316AB98C5C}.Release|x64.ActiveCfg = Release|Any CPU
		{31C5B5E9-DEC3-421A-BD41-67316AB98C5C}.Release|x64.Build.0 = Release|Any CPU
		{31C5B5E9-DEC3-421A-BD41-67316AB98C5C}.Release|x86.ActiveCfg = Release|Any CPU
		{31C5B5E9-DEC3-421A-BD41-67316AB98C5C}.Release|x86.Build.0 = Release|Any CPU
		{52430647-C509-494C-AF4E-2BE6ADC019CA}.Debug|Any CPU.ActiveCfg = Debug|x64
		{52430647-C509-494C-AF4E-2BE6ADC019CA}.Debug|Any CPU.Build.0 = Debug|x64
		{52430647-C509-494C-AF4E-2BE6ADC019CA}.Debug|Any CPU.Deploy.0 = Debug|x64
		{52430647-C509-494C-AF4E-2BE6ADC019CA}.Debug|ARM.ActiveCfg = Debug|ARM
		{52430647-C509-494C-AF4E-2BE6ADC019CA}.Debug|ARM.Build.0 = Debug|ARM
		{52430647-C509-494C-AF4E-2BE6ADC019CA}.Debug|ARM.Deploy.0 = Debug|ARM
		{52430647-C509-494C-AF4E-2BE6ADC019CA}.Debug|ARM64.ActiveCfg = Debug|ARM64
		{52430647-C509-494C-AF4E-2BE6ADC019CA}.Debug|ARM64.Build.0 = Debug|ARM64
		{52430647-C509-494C-AF4E-2BE6ADC019CA}.Debug|ARM64.Deploy.0 = Debug|ARM64
		{52430647-C509-494C-AF4E-2BE6ADC019CA}.Debug|x64.ActiveCfg = Debug|x64
		{52430647-C509-494C-AF4E-2BE6ADC019CA}.Debug|x64.Build.0 = Debug|x64
		{52430647-C509-494C-AF4E-2BE6ADC019CA}.Debug|x64.Deploy.0 = Debug|x64
		{52430647-C509-494C-AF4E-2BE6ADC019CA}.Debug|x86.ActiveCfg = Debug|x86
		{52430647-C509-494C-AF4E-2BE6ADC019CA}.Debug|x86.Build.0 = Debug|x86
		{52430647-C509-494C-AF4E-2BE6ADC019CA}.Debug|x86.Deploy.0 = Debug|x86
		{52430647-C509-494C-AF4E-2BE6ADC019CA}.Release|Any CPU.ActiveCfg = Release|x64
		{52430647-C509-494C-AF4E-2BE6ADC019CA}.Release|Any CPU.Build.0 = Release|x64
		{52430647-C509-494C-AF4E-2BE6ADC019CA}.Release|Any CPU.Deploy.0 = Release|x64
		{52430647-C509-494C-AF4E-2BE6ADC019CA}.Release|ARM.ActiveCfg = Release|ARM
		{52430647-C509-494C-AF4E-2BE6ADC019CA}.Release|ARM.Build.0 = Release|ARM
		{52430647-C509-494C-AF4E-2BE6ADC019CA}.Release|ARM.Deploy.0 = Release|ARM
		{52430647-C509-494C-AF4E-2BE6ADC019CA}.Release|ARM64.ActiveCfg = Release|ARM64
		{52430647-C509-494C-AF4E-2BE6ADC019CA}.Release|ARM64.Build.0 = Release|ARM64
		{52430647-C509-494C-AF4E-2BE6ADC019CA}.Release|ARM64.Deploy.0 = Release|ARM64
		{52430647-C509-494C-AF4E-2BE6ADC019CA}.Release|x64.ActiveCfg = Release|x64
		{52430647-C509-494C-AF4E-2BE6ADC019CA}.Release|x64.Build.0 = Release|x64
		{52430647-C509-494C-AF4E-2BE6ADC019CA}.Release|x64.Deploy.0 = Release|x64
		{52430647-C509-494C-AF4E-2BE6ADC019CA}.Release|x86.ActiveCfg = Release|x86
		{52430647-C509-494C-AF4E-2BE6ADC019CA}.Release|x86.Build.0 = Release|x86
		{52430647-C509-494C-AF4E-2BE6ADC019CA}.Release|x86.Deploy.0 = Release|x86
	EndGlobalSection
	GlobalSection(SolutionProperties) = preSolution
		HideSolutionNode = FALSE
	EndGlobalSection
	GlobalSection(NestedProjects) = preSolution
		{BE75E2A1-53EA-4764-AA08-A9BC551642FA} = {D075DF83-879E-4408-91B1-F1F4F0D474F7}
		{301C3D37-07F9-43C0-BF82-23F8AFDB6E3E} = {D075DF83-879E-4408-91B1-F1F4F0D474F7}
		{97585BF2-D075-4DA4-B03E-1C83F4B5EB65} = {D075DF83-879E-4408-91B1-F1F4F0D474F7}
		{583FF6FD-03E2-48AF-B495-84743B4FD39B} = {66C7E8B2-473D-4193-98CB-7FBBF1129876}
		{FB6C51D8-715F-43A8-B6E4-D14796C78C83} = {66C7E8B2-473D-4193-98CB-7FBBF1129876}
		{C0BEF2DD-E988-4906-8B3B-E51BA5E7AC0B} = {66C7E8B2-473D-4193-98CB-7FBBF1129876}
		{A5858BD8-B218-429F-8E92-2FCD2AFB2F05} = {D63AFE94-7706-4E20-AAF7-84993DF0130B}
		{31C5B5E9-DEC3-421A-BD41-67316AB98C5C} = {D63AFE94-7706-4E20-AAF7-84993DF0130B}
		{52430647-C509-494C-AF4E-2BE6ADC019CA} = {773FE069-8D0C-4320-969D-AD2DAF6E35DC}
	EndGlobalSection
	GlobalSection(ExtensibilityGlobals) = postSolution
		SolutionGuid = {E95BF0AB-9C59-44A1-9A34-110B2EEFC195}
	EndGlobalSection
EndGlobal
